
Microsoft Visual Studio Solution File, Format Version 12.00
# Visual Studio Version 17
VisualStudioVersion = 17.11.35312.102
MinimumVisualStudioVersion = 10.0.40219.1
Project("{9A19103F-16F7-4668-BE54-9A1E7A4F7556}") = "WebApplication1", "WebApplication1\WebApplication1.csproj", "{3257F4A3-7C38-40AB-A88E-62B2F77C0626}"
EndProject
Project("{2150E333-8FDC-42A3-9474-1A3956D46DE8}") = "Temp", "Temp", "{AC8DCAEB-B3E1-490F-8AEE-AA0EEE50DA78}"
	ProjectSection(SolutionItems) = preProject
		WebApplication1\Repository\CartRepository.cs = WebApplication1\Repository\CartRepository.cs
		WebApplication1\Service\CartService.cs = WebApplication1\Service\CartService.cs
		WebApplication1\Interfaces\ICartRepository.cs = WebApplication1\Interfaces\ICartRepository.cs
		WebApplication1\Interfaces\IItemCartRepository.cs = WebApplication1\Interfaces\IItemCartRepository.cs
		WebApplication1\Interfaces\IItemOrderRepository.cs = WebApplication1\Interfaces\IItemOrderRepository.cs
		WebApplication1\Interfaces\IOrderRepository.cs = WebApplication1\Interfaces\IOrderRepository.cs
		WebApplication1\Interfaces\IProductRepository.cs = WebApplication1\Interfaces\IProductRepository.cs
		WebApplication1\Repository\ItemCartRepository.cs = WebApplication1\Repository\ItemCartRepository.cs
		WebApplication1\Service\ItemCartService.cs = WebApplication1\Service\ItemCartService.cs
		WebApplication1\Repository\ItemOrderRepository.cs = WebApplication1\Repository\ItemOrderRepository.cs
		WebApplication1\Service\ItemOrderService.cs = WebApplication1\Service\ItemOrderService.cs
		WebApplication1\Repository\OrderRepository.cs = WebApplication1\Repository\OrderRepository.cs
		WebApplication1\Service\OrderService.cs = WebApplication1\Service\OrderService.cs
		WebApplication1\Repository\ProductRepository.cs = WebApplication1\Repository\ProductRepository.cs
		WebApplication1\Service\ProductService.cs = WebApplication1\Service\ProductService.cs
	EndProjectSection
EndProject
Global
	GlobalSection(SolutionConfigurationPlatforms) = preSolution
		Debug|Any CPU = Debug|Any CPU
		Release|Any CPU = Release|Any CPU
	EndGlobalSection
	GlobalSection(ProjectConfigurationPlatforms) = postSolution
		{3257F4A3-7C38-40AB-A88E-62B2F77C0626}.Debug|Any CPU.ActiveCfg = Debug|Any CPU
		{3257F4A3-7C38-40AB-A88E-62B2F77C0626}.Debug|Any CPU.Build.0 = Debug|Any CPU
		{3257F4A3-7C38-40AB-A88E-62B2F77C0626}.Release|Any CPU.ActiveCfg = Release|Any CPU
		{3257F4A3-7C38-40AB-A88E-62B2F77C0626}.Release|Any CPU.Build.0 = Release|Any CPU
	EndGlobalSection
	GlobalSection(SolutionProperties) = preSolution
		HideSolutionNode = FALSE
	EndGlobalSection
	GlobalSection(ExtensibilityGlobals) = postSolution
		SolutionGuid = {6FB1BC2D-6AE6-4721-800E-940BF3407984}
	EndGlobalSection
EndGlobal
